
Microsoft Visual Studio Solution File, Format Version 12.00
# Visual Studio Version 17
VisualStudioVersion = 17.0.31903.59
MinimumVisualStudioVersion = 10.0.40219.1
Project("{2150E333-8FDC-42A3-9474-1A3956D46DE8}") = "Engine", "Engine", "{D585295F-7994-3649-1065-7AA403C41681}"
EndProject
Project("{FAE04EC0-301F-11D3-BF4B-00C04F79EFBC}") = "Aetheria.Engine", "Engine\Aetheria.Engine.csproj", "{A5E751B6-0156-4A97-8E64-CA9BAD105DFC}"
EndProject
Project("{2150E333-8FDC-42A3-9474-1A3956D46DE8}") = "Shared", "Shared", "{4F52FD11-658E-A102-6CD3-7D7C16FFA15B}"
EndProject
Project("{FAE04EC0-301F-11D3-BF4B-00C04F79EFBC}") = "Aetheria.Shared", "Shared\Aetheria.Shared.csproj", "{4F2E9DF9-3ED1-42B3-8F7E-52967A0C9A42}"
EndProject
Project("{2150E333-8FDC-42A3-9474-1A3956D46DE8}") = "Server", "Server", "{DAD03CFC-D5FA-AC94-41C7-9ABAB326F09E}"
EndProject
Project("{FAE04EC0-301F-11D3-BF4B-00C04F79EFBC}") = "Aetheria.Server", "Server\Aetheria.Server.csproj", "{5B1B45FA-17FE-4DAC-B327-4D25EC1F873F}"
EndProject
Project("{2150E333-8FDC-42A3-9474-1A3956D46DE8}") = "Database", "Database", "{E0096E63-5207-411F-2649-837654E3C58A}"
EndProject
Project("{FAE04EC0-301F-11D3-BF4B-00C04F79EFBC}") = "Aetheria.Database", "Database\Aetheria.Database.csproj", "{17076A29-CCED-4E18-9762-4ACB9BAF7641}"
EndProject
Project("{2150E333-8FDC-42A3-9474-1A3956D46DE8}") = "Client", "Client", "{2CB42F12-E813-91B3-7D11-3220E40BEF4A}"
EndProject
Project("{FAE04EC0-301F-11D3-BF4B-00C04F79EFBC}") = "Aetheria.Client", "Client\Aetheria.Client.csproj", "{F91E1F59-94B8-49BB-9984-E9B7AD7802D2}"
EndProject
Project("{2150E333-8FDC-42A3-9474-1A3956D46DE8}") = "Launcher", "Launcher", "{740C5202-8AD2-6D86-0CA9-F95B1A2D697C}"
EndProject
Project("{FAE04EC0-301F-11D3-BF4B-00C04F79EFBC}") = "Aetheria.Launcher", "Launcher\Aetheria.Launcher.csproj", "{EBD15A7F-F142-40FB-954F-A5F078C88F08}"
EndProject
Project("{2150E333-8FDC-42A3-9474-1A3956D46DE8}") = "MapEditor", "MapEditor", "{29EACC2F-818A-7B0D-7D17-E18A715C659D}"
EndProject
Project("{FAE04EC0-301F-11D3-BF4B-00C04F79EFBC}") = "Aetheria.MapEditor", "MapEditor\Aetheria.MapEditor.csproj", "{15780DD4-A4B5-479E-8E00-1B4A723096EF}"
EndProject
Project("{2150E333-8FDC-42A3-9474-1A3956D46DE8}") = "MonsterEditor", "MonsterEditor", "{BF3E0F62-58CA-CCD2-3A41-A03E33547315}"
EndProject
Project("{FAE04EC0-301F-11D3-BF4B-00C04F79EFBC}") = "Aetheria.MonsterEditor", "MonsterEditor\Aetheria.MonsterEditor.csproj", "{CC67E7FF-4726-41B5-A932-A4A74C6DA513}"
EndProject
Project("{2150E333-8FDC-42A3-9474-1A3956D46DE8}") = "AdminPanel", "AdminPanel", "{E416D7F9-190C-E2A6-60D2-CD7427BD6F24}"
EndProject
Project("{FAE04EC0-301F-11D3-BF4B-00C04F79EFBC}") = "Aetheria.AdminPanel", "AdminPanel\Aetheria.AdminPanel.csproj", "{46036D5C-2784-422B-9A6C-5D8A91D941BE}"
EndProject
Project("{2150E333-8FDC-42A3-9474-1A3956D46DE8}") = "Installer", "Installer", "{1860D2E4-5C43-71D5-59A5-599A4DE1DF67}"
EndProject
Project("{FAE04EC0-301F-11D3-BF4B-00C04F79EFBC}") = "Aetheria.Installer", "Installer\Aetheria.Installer.csproj", "{912BF27A-43A2-4572-8BC6-ADC87D304A78}"
EndProject
Global
	GlobalSection(SolutionConfigurationPlatforms) = preSolution
		Debug|Any CPU = Debug|Any CPU
		Debug|x64 = Debug|x64
		Debug|x86 = Debug|x86
		Release|Any CPU = Release|Any CPU
		Release|x64 = Release|x64
		Release|x86 = Release|x86
	EndGlobalSection
	GlobalSection(ProjectConfigurationPlatforms) = postSolution
		{A5E751B6-0156-4A97-8E64-CA9BAD105DFC}.Debug|Any CPU.ActiveCfg = Debug|Any CPU
		{A5E751B6-0156-4A97-8E64-CA9BAD105DFC}.Debug|Any CPU.Build.0 = Debug|Any CPU
		{A5E751B6-0156-4A97-8E64-CA9BAD105DFC}.Debug|x64.ActiveCfg = Debug|Any CPU
		{A5E751B6-0156-4A97-8E64-CA9BAD105DFC}.Debug|x64.Build.0 = Debug|Any CPU
		{A5E751B6-0156-4A97-8E64-CA9BAD105DFC}.Debug|x86.ActiveCfg = Debug|Any CPU
		{A5E751B6-0156-4A97-8E64-CA9BAD105DFC}.Debug|x86.Build.0 = Debug|Any CPU
		{A5E751B6-0156-4A97-8E64-CA9BAD105DFC}.Release|Any CPU.ActiveCfg = Release|Any CPU
		{A5E751B6-0156-4A97-8E64-CA9BAD105DFC}.Release|Any CPU.Build.0 = Release|Any CPU
		{A5E751B6-0156-4A97-8E64-CA9BAD105DFC}.Release|x64.ActiveCfg = Release|Any CPU
		{A5E751B6-0156-4A97-8E64-CA9BAD105DFC}.Release|x64.Build.0 = Release|Any CPU
		{A5E751B6-0156-4A97-8E64-CA9BAD105DFC}.Release|x86.ActiveCfg = Release|Any CPU
		{A5E751B6-0156-4A97-8E64-CA9BAD105DFC}.Release|x86.Build.0 = Release|Any CPU
		{4F2E9DF9-3ED1-42B3-8F7E-52967A0C9A42}.Debug|Any CPU.ActiveCfg = Debug|Any CPU
		{4F2E9DF9-3ED1-42B3-8F7E-52967A0C9A42}.Debug|Any CPU.Build.0 = Debug|Any CPU
		{4F2E9DF9-3ED1-42B3-8F7E-52967A0C9A42}.Debug|x64.ActiveCfg = Debug|Any CPU
		{4F2E9DF9-3ED1-42B3-8F7E-52967A0C9A42}.Debug|x64.Build.0 = Debug|Any CPU
		{4F2E9DF9-3ED1-42B3-8F7E-52967A0C9A42}.Debug|x86.ActiveCfg = Debug|Any CPU
		{4F2E9DF9-3ED1-42B3-8F7E-52967A0C9A42}.Debug|x86.Build.0 = Debug|Any CPU
		{4F2E9DF9-3ED1-42B3-8F7E-52967A0C9A42}.Release|Any CPU.ActiveCfg = Release|Any CPU
		{4F2E9DF9-3ED1-42B3-8F7E-52967A0C9A42}.Release|Any CPU.Build.0 = Release|Any CPU
		{4F2E9DF9-3ED1-42B3-8F7E-52967A0C9A42}.Release|x64.ActiveCfg = Release|Any CPU
		{4F2E9DF9-3ED1-42B3-8F7E-52967A0C9A42}.Release|x64.Build.0 = Release|Any CPU
		{4F2E9DF9-3ED1-42B3-8F7E-52967A0C9A42}.Release|x86.ActiveCfg = Release|Any CPU
		{4F2E9DF9-3ED1-42B3-8F7E-52967A0C9A42}.Release|x86.Build.0 = Release|Any CPU
		{5B1B45FA-17FE-4DAC-B327-4D25EC1F873F}.Debug|Any CPU.ActiveCfg = Debug|Any CPU
		{5B1B45FA-17FE-4DAC-B327-4D25EC1F873F}.Debug|Any CPU.Build.0 = Debug|Any CPU
		{5B1B45FA-17FE-4DAC-B327-4D25EC1F873F}.Debug|x64.ActiveCfg = Debug|Any CPU
		{5B1B45FA-17FE-4DAC-B327-4D25EC1F873F}.Debug|x64.Build.0 = Debug|Any CPU
		{5B1B45FA-17FE-4DAC-B327-4D25EC1F873F}.Debug|x86.ActiveCfg = Debug|Any CPU
		{5B1B45FA-17FE-4DAC-B327-4D25EC1F873F}.Debug|x86.Build.0 = Debug|Any CPU
		{5B1B45FA-17FE-4DAC-B327-4D25EC1F873F}.Release|Any CPU.ActiveCfg = Release|Any CPU
		{5B1B45FA-17FE-4DAC-B327-4D25EC1F873F}.Release|Any CPU.Build.0 = Release|Any CPU
		{5B1B45FA-17FE-4DAC-B327-4D25EC1F873F}.Release|x64.ActiveCfg = Release|Any CPU
		{5B1B45FA-17FE-4DAC-B327-4D25EC1F873F}.Release|x64.Build.0 = Release|Any CPU
		{5B1B45FA-17FE-4DAC-B327-4D25EC1F873F}.Release|x86.ActiveCfg = Release|Any CPU
		{5B1B45FA-17FE-4DAC-B327-4D25EC1F873F}.Release|x86.Build.0 = Release|Any CPU
		{17076A29-CCED-4E18-9762-4ACB9BAF7641}.Debug|Any CPU.ActiveCfg = Debug|Any CPU
		{17076A29-CCED-4E18-9762-4ACB9BAF7641}.Debug|Any CPU.Build.0 = Debug|Any CPU
		{17076A29-CCED-4E18-9762-4ACB9BAF7641}.Debug|x64.ActiveCfg = Debug|Any CPU
		{17076A29-CCED-4E18-9762-4ACB9BAF7641}.Debug|x64.Build.0 = Debug|Any CPU
		{17076A29-CCED-4E18-9762-4ACB9BAF7641}.Debug|x86.ActiveCfg = Debug|Any CPU
		{17076A29-CCED-4E18-9762-4ACB9BAF7641}.Debug|x86.Build.0 = Debug|Any CPU
		{17076A29-CCED-4E18-9762-4ACB9BAF7641}.Release|Any CPU.ActiveCfg = Release|Any CPU
		{17076A29-CCED-4E18-9762-4ACB9BAF7641}.Release|Any CPU.Build.0 = Release|Any CPU
		{17076A29-CCED-4E18-9762-4ACB9BAF7641}.Release|x64.ActiveCfg = Release|Any CPU
		{17076A29-CCED-4E18-9762-4ACB9BAF7641}.Release|x64.Build.0 = Release|Any CPU
		{17076A29-CCED-4E18-9762-4ACB9BAF7641}.Release|x86.ActiveCfg = Release|Any CPU
		{17076A29-CCED-4E18-9762-4ACB9BAF7641}.Release|x86.Build.0 = Release|Any CPU
		{F91E1F59-94B8-49BB-9984-E9B7AD7802D2}.Debug|Any CPU.ActiveCfg = Debug|Any CPU
		{F91E1F59-94B8-49BB-9984-E9B7AD7802D2}.Debug|Any CPU.Build.0 = Debug|Any CPU
		{F91E1F59-94B8-49BB-9984-E9B7AD7802D2}.Debug|x64.ActiveCfg = Debug|Any CPU
		{F91E1F59-94B8-49BB-9984-E9B7AD7802D2}.Debug|x64.Build.0 = Debug|Any CPU
		{F91E1F59-94B8-49BB-9984-E9B7AD7802D2}.Debug|x86.ActiveCfg = Debug|Any CPU
		{F91E1F59-94B8-49BB-9984-E9B7AD7802D2}.Debug|x86.Build.0 = Debug|Any CPU
		{F91E1F59-94B8-49BB-9984-E9B7AD7802D2}.Release|Any CPU.ActiveCfg = Release|Any CPU
		{F91E1F59-94B8-49BB-9984-E9B7AD7802D2}.Release|Any CPU.Build.0 = Release|Any CPU
		{F91E1F59-94B8-49BB-9984-E9B7AD7802D2}.Release|x64.ActiveCfg = Release|Any CPU
		{F91E1F59-94B8-49BB-9984-E9B7AD7802D2}.Release|x64.Build.0 = Release|Any CPU
		{F91E1F59-94B8-49BB-9984-E9B7AD7802D2}.Release|x86.ActiveCfg = Release|Any CPU
		{F91E1F59-94B8-49BB-9984-E9B7AD7802D2}.Release|x86.Build.0 = Release|Any CPU
		{EBD15A7F-F142-40FB-954F-A5F078C88F08}.Debug|Any CPU.ActiveCfg = Debug|Any CPU
		{EBD15A7F-F142-40FB-954F-A5F078C88F08}.Debug|Any CPU.Build.0 = Debug|Any CPU
		{EBD15A7F-F142-40FB-954F-A5F078C88F08}.Debug|x64.ActiveCfg = Debug|Any CPU
		{EBD15A7F-F142-40FB-954F-A5F078C88F08}.Debug|x64.Build.0 = Debug|Any CPU
		{EBD15A7F-F142-40FB-954F-A5F078C88F08}.Debug|x86.ActiveCfg = Debug|Any CPU
		{EBD15A7F-F142-40FB-954F-A5F078C88F08}.Debug|x86.Build.0 = Debug|Any CPU
		{EBD15A7F-F142-40FB-954F-A5F078C88F08}.Release|Any CPU.ActiveCfg = Release|Any CPU
		{EBD15A7F-F142-40FB-954F-A5F078C88F08}.Release|Any CPU.Build.0 = Release|Any CPU
		{EBD15A7F-F142-40FB-954F-A5F078C88F08}.Release|x64.ActiveCfg = Release|Any CPU
		{EBD15A7F-F142-40FB-954F-A5F078C88F08}.Release|x64.Build.0 = Release|Any CPU
		{EBD15A7F-F142-40FB-954F-A5F078C88F08}.Release|x86.ActiveCfg = Release|Any CPU
		{EBD15A7F-F142-40FB-954F-A5F078C88F08}.Release|x86.Build.0 = Release|Any CPU
		{15780DD4-A4B5-479E-8E00-1B4A723096EF}.Debug|Any CPU.ActiveCfg = Debug|Any CPU
		{15780DD4-A4B5-479E-8E00-1B4A723096EF}.Debug|Any CPU.Build.0 = Debug|Any CPU
		{15780DD4-A4B5-479E-8E00-1B4A723096EF}.Debug|x64.ActiveCfg = Debug|Any CPU
		{15780DD4-A4B5-479E-8E00-1B4A723096EF}.Debug|x64.Build.0 = Debug|Any CPU
		{15780DD4-A4B5-479E-8E00-1B4A723096EF}.Debug|x86.ActiveCfg = Debug|Any CPU
		{15780DD4-A4B5-479E-8E00-1B4A723096EF}.Debug|x86.Build.0 = Debug|Any CPU
		{15780DD4-A4B5-479E-8E00-1B4A723096EF}.Release|Any CPU.ActiveCfg = Release|Any CPU
		{15780DD4-A4B5-479E-8E00-1B4A723096EF}.Release|Any CPU.Build.0 = Release|Any CPU
		{15780DD4-A4B5-479E-8E00-1B4A723096EF}.Release|x64.ActiveCfg = Release|Any CPU
		{15780DD4-A4B5-479E-8E00-1B4A723096EF}.Release|x64.Build.0 = Release|Any CPU
		{15780DD4-A4B5-479E-8E00-1B4A723096EF}.Release|x86.ActiveCfg = Release|Any CPU
		{15780DD4-A4B5-479E-8E00-1B4A723096EF}.Release|x86.Build.0 = Release|Any CPU
		{CC67E7FF-4726-41B5-A932-A4A74C6DA513}.Debug|Any CPU.ActiveCfg = Debug|Any CPU
		{CC67E7FF-4726-41B5-A932-A4A74C6DA513}.Debug|Any CPU.Build.0 = Debug|Any CPU
		{CC67E7FF-4726-41B5-A932-A4A74C6DA513}.Debug|x64.ActiveCfg = Debug|Any CPU
		{CC67E7FF-4726-41B5-A932-A4A74C6DA513}.Debug|x64.Build.0 = Debug|Any CPU
		{CC67E7FF-4726-41B5-A932-A4A74C6DA513}.Debug|x86.ActiveCfg = Debug|Any CPU
		{CC67E7FF-4726-41B5-A932-A4A74C6DA513}.Debug|x86.Build.0 = Debug|Any CPU
		{CC67E7FF-4726-41B5-A932-A4A74C6DA513}.Release|Any CPU.ActiveCfg = Release|Any CPU
		{CC67E7FF-4726-41B5-A932-A4A74C6DA513}.Release|Any CPU.Build.0 = Release|Any CPU
		{CC67E7FF-4726-41B5-A932-A4A74C6DA513}.Release|x64.ActiveCfg = Release|Any CPU
		{CC67E7FF-4726-41B5-A932-A4A74C6DA513}.Release|x64.Build.0 = Release|Any CPU
		{CC67E7FF-4726-41B5-A932-A4A74C6DA513}.Release|x86.ActiveCfg = Release|Any CPU
		{CC67E7FF-4726-41B5-A932-A4A74C6DA513}.Release|x86.Build.0 = Release|Any CPU
		{46036D5C-2784-422B-9A6C-5D8A91D941BE}.Debug|Any CPU.ActiveCfg = Debug|Any CPU
		{46036D5C-2784-422B-9A6C-5D8A91D941BE}.Debug|Any CPU.Build.0 = Debug|Any CPU
		{46036D5C-2784-422B-9A6C-5D8A91D941BE}.Debug|x64.ActiveCfg = Debug|Any CPU
		{46036D5C-2784-422B-9A6C-5D8A91D941BE}.Debug|x64.Build.0 = Debug|Any CPU
		{46036D5C-2784-422B-9A6C-5D8A91D941BE}.Debug|x86.ActiveCfg = Debug|Any CPU
		{46036D5C-2784-422B-9A6C-5D8A91D941BE}.Debug|x86.Build.0 = Debug|Any CPU
		{46036D5C-2784-422B-9A6C-5D8A91D941BE}.Release|Any CPU.ActiveCfg = Release|Any CPU
		{46036D5C-2784-422B-9A6C-5D8A91D941BE}.Release|Any CPU.Build.0 = Release|Any CPU
		{46036D5C-2784-422B-9A6C-5D8A91D941BE}.Release|x64.ActiveCfg = Release|Any CPU
		{46036D5C-2784-422B-9A6C-5D8A91D941BE}.Release|x64.Build.0 = Release|Any CPU
		{46036D5C-2784-422B-9A6C-5D8A91D941BE}.Release|x86.ActiveCfg = Release|Any CPU
		{46036D5C-2784-422B-9A6C-5D8A91D941BE}.Release|x86.Build.0 = Release|Any CPU
		{912BF27A-43A2-4572-8BC6-ADC87D304A78}.Debug|Any CPU.ActiveCfg = Debug|Any CPU
		{912BF27A-43A2-4572-8BC6-ADC87D304A78}.Debug|Any CPU.Build.0 = Debug|Any CPU
		{912BF27A-43A2-4572-8BC6-ADC87D304A78}.Debug|x64.ActiveCfg = Debug|Any CPU
		{912BF27A-43A2-4572-8BC6-ADC87D304A78}.Debug|x64.Build.0 = Debug|Any CPU
		{912BF27A-43A2-4572-8BC6-ADC87D304A78}.Debug|x86.ActiveCfg = Debug|Any CPU
		{912BF27A-43A2-4572-8BC6-ADC87D304A78}.Debug|x86.Build.0 = Debug|Any CPU
		{912BF27A-43A2-4572-8BC6-ADC87D304A78}.Release|Any CPU.ActiveCfg = Release|Any CPU
		{912BF27A-43A2-4572-8BC6-ADC87D304A78}.Release|Any CPU.Build.0 = Release|Any CPU
		{912BF27A-43A2-4572-8BC6-ADC87D304A78}.Release|x64.ActiveCfg = Release|Any CPU
		{912BF27A-43A2-4572-8BC6-ADC87D304A78}.Release|x64.Build.0 = Release|Any CPU
		{912BF27A-43A2-4572-8BC6-ADC87D304A78}.Release|x86.ActiveCfg = Release|Any CPU
		{912BF27A-43A2-4572-8BC6-ADC87D304A78}.Release|x86.Build.0 = Release|Any CPU
	EndGlobalSection
	GlobalSection(SolutionProperties) = preSolution
		HideSolutionNode = FALSE
	EndGlobalSection
	GlobalSection(NestedProjects) = preSolution
		{A5E751B6-0156-4A97-8E64-CA9BAD105DFC} = {D585295F-7994-3649-1065-7AA403C41681}
		{4F2E9DF9-3ED1-42B3-8F7E-52967A0C9A42} = {4F52FD11-658E-A102-6CD3-7D7C16FFA15B}
		{5B1B45FA-17FE-4DAC-B327-4D25EC1F873F} = {DAD03CFC-D5FA-AC94-41C7-9ABAB326F09E}
		{17076A29-CCED-4E18-9762-4ACB9BAF7641} = {E0096E63-5207-411F-2649-837654E3C58A}
		{F91E1F59-94B8-49BB-9984-E9B7AD7802D2} = {2CB42F12-E813-91B3-7D11-3220E40BEF4A}
		{EBD15A7F-F142-40FB-954F-A5F078C88F08} = {740C5202-8AD2-6D86-0CA9-F95B1A2D697C}
		{15780DD4-A4B5-479E-8E00-1B4A723096EF} = {29EACC2F-818A-7B0D-7D17-E18A715C659D}
		{CC67E7FF-4726-41B5-A932-A4A74C6DA513} = {BF3E0F62-58CA-CCD2-3A41-A03E33547315}
		{46036D5C-2784-422B-9A6C-5D8A91D941BE} = {E416D7F9-190C-E2A6-60D2-CD7427BD6F24}
		{912BF27A-43A2-4572-8BC6-ADC87D304A78} = {1860D2E4-5C43-71D5-59A5-599A4DE1DF67}
	EndGlobalSection
EndGlobal
